{
    "name": "vscode-silq",
    "version": "0.0.27",
    "lockfileVersion": 1,
    "requires": true,
    "dependencies": {
        "@types/node": {
            "version": "12.7.4",
            "resolved": "https://registry.npmjs.org/@types/node/-/node-12.7.4.tgz",
            "integrity": "sha512-W0+n1Y+gK/8G2P/piTkBBN38Qc5Q1ZSO6B5H3QmPCUewaiXOo2GCAWZ4ElZCcNhjJuBSUSLGFUJnmlCn5+nxOQ==",
            "dev": true
        }
    }
}
